<?xml version="1.0" encoding="utf-8"?>
<Project ToolsVersion="4.0" xmlns="http://schemas.microsoft.com/developer/msbuild/2003">
  <ItemGroup>
    <Filter Include="源文件">
      <UniqueIdentifier>{4FC737F1-C7A5-4376-A066-2A32D752A2FF}</UniqueIdentifier>
      <Extensions>cpp;c;cc;cxx;def;odl;idl;hpj;bat;asm;asmx</Extensions>
    </Filter>
  </ItemGroup>
  <ItemGroup>
    <ClCompile Include="main.cpp">
      <Filter>源文件</Filter>
    </ClCompile>
    <ClCompile Include="..\Classes\AppDelegate.cpp">
      <Filter>源文件</Filter>
    </ClCompile>
    <ClCompile Include="..\Classes\Bg.cpp">
      <Filter>源文件</Filter>
    </ClCompile>
    <ClCompile Include="..\Classes\Block.cpp">
      <Filter>源文件</Filter>
    </ClCompile>
    <ClCompile Include="..\Classes\Config.cpp">
      <Filter>源文件</Filter>
    </ClCompile>
    <ClCompile Include="..\Classes\GameScene.cpp">
      <Filter>源文件</Filter>
    </ClCompile>
    <ClCompile Include="..\Classes\Tetris.cpp">
      <Filter>源文件</Filter>
    </ClCompile>
  </ItemGroup>
  <ItemGroup>
    <ClInclude Include="main.h">
      <Filter>源文件</Filter>
    </ClInclude>
    <ClInclude Include="..\Classes\AppDelegate.h">
      <Filter>源文件</Filter>
    </ClInclude>
    <ClInclude Include="..\Classes\Bg.h">
      <Filter>源文件</Filter>
    </ClInclude>
    <ClInclude Include="..\Classes\Block.h">
      <Filter>源文件</Filter>
    </ClInclude>
    <ClInclude Include="..\Classes\Config.h">
      <Filter>源文件</Filter>
    </ClInclude>
    <ClInclude Include="..\Classes\GameScene.h">
      <Filter>源文件</Filter>
    </ClInclude>
    <ClInclude Include="..\Classes\Tetris.h">
      <Filter>源文件</Filter>
    </ClInclude>
  </ItemGroup>
</Project>